
Microsoft Visual Studio Solution File, Format Version 12.00
# Visual Studio 15
VisualStudioVersion = 15.0.28307.421
MinimumVisualStudioVersion = 10.0.40219.1
Project("{FAE04EC0-301F-11D3-BF4B-00C04F79EFBC}") = "lab4(p1)", "lab4(p1)\lab4(p1).csproj", "{55DA34E0-9969-4B11-8455-3C698084890C}"
EndProject
Global
	GlobalSection(SolutionConfigurationPlatforms) = preSolution
		Debug|Any CPU = Debug|Any CPU
		Release|Any CPU = Release|Any CPU
	EndGlobalSection
	GlobalSection(ProjectConfigurationPlatforms) = postSolution
		{55DA34E0-9969-4B11-8455-3C698084890C}.Debug|Any CPU.ActiveCfg = Debug|Any CPU
		{55DA34E0-9969-4B11-8455-3C698084890C}.Debug|Any CPU.Build.0 = Debug|Any CPU
		{55DA34E0-9969-4B11-8455-3C698084890C}.Release|Any CPU.ActiveCfg = Release|Any CPU
		{55DA34E0-9969-4B11-8455-3C698084890C}.Release|Any CPU.Build.0 = Release|Any CPU
	EndGlobalSection
	GlobalSection(SolutionProperties) = preSolution
		HideSolutionNode = FALSE
	EndGlobalSection
	GlobalSection(ExtensibilityGlobals) = postSolution
		SolutionGuid = {7AF61FE8-30E4-442F-8678-21E76CB596FC}
	EndGlobalSection
EndGlobal
