
Microsoft Visual Studio Solution File, Format Version 12.00
# Visual Studio 15
VisualStudioVersion = 15.0.28307.421
MinimumVisualStudioVersion = 10.0.40219.1
Project("{FAE04EC0-301F-11D3-BF4B-00C04F79EFBC}") = "Lab5(2)", "Lab5(2)\Lab5(2).csproj", "{EC45F807-9EAC-45CE-A2D6-437B4C287960}"
EndProject
Global
	GlobalSection(SolutionConfigurationPlatforms) = preSolution
		Debug|Any CPU = Debug|Any CPU
		Release|Any CPU = Release|Any CPU
	EndGlobalSection
	GlobalSection(ProjectConfigurationPlatforms) = postSolution
		{EC45F807-9EAC-45CE-A2D6-437B4C287960}.Debug|Any CPU.ActiveCfg = Debug|Any CPU
		{EC45F807-9EAC-45CE-A2D6-437B4C287960}.Debug|Any CPU.Build.0 = Debug|Any CPU
		{EC45F807-9EAC-45CE-A2D6-437B4C287960}.Release|Any CPU.ActiveCfg = Release|Any CPU
		{EC45F807-9EAC-45CE-A2D6-437B4C287960}.Release|Any CPU.Build.0 = Release|Any CPU
	EndGlobalSection
	GlobalSection(SolutionProperties) = preSolution
		HideSolutionNode = FALSE
	EndGlobalSection
	GlobalSection(ExtensibilityGlobals) = postSolution
		SolutionGuid = {EC9A8BEC-D721-4D04-A109-92CEE274E078}
	EndGlobalSection
EndGlobal
